// !$*UTF8*$!
{
	archiveVersion = 1;
	classes = {
	};
	objectVersion = 50;
	objects = {

/* Begin PBXBuildFile section */
		2F719A25274A8FC700EBA7B7 /* NewYorkTableViewCell.swift in Sources */ = {isa = PBXBuildFile; fileRef = 2F719A24274A8FC700EBA7B7 /* NewYorkTableViewCell.swift */; };
		2F81E1932747C58500A9A5BC /* AppDelegate.swift in Sources */ = {isa = PBXBuildFile; fileRef = 2F81E1922747C58500A9A5BC /* AppDelegate.swift */; };
		2F81E1952747C58500A9A5BC /* SceneDelegate.swift in Sources */ = {isa = PBXBuildFile; fileRef = 2F81E1942747C58500A9A5BC /* SceneDelegate.swift */; };
		2F81E1972747C58500A9A5BC /* MainTableViewController.swift in Sources */ = {isa = PBXBuildFile; fileRef = 2F81E1962747C58500A9A5BC /* MainTableViewController.swift */; };
		2F81E19A2747C58500A9A5BC /* Main.storyboard in Resources */ = {isa = PBXBuildFile; fileRef = 2F81E1982747C58500A9A5BC /* Main.storyboard */; };
		2F81E19C2747C58900A9A5BC /* Assets.xcassets in Resources */ = {isa = PBXBuildFile; fileRef = 2F81E19B2747C58900A9A5BC /* Assets.xcassets */; };
		2F81E19F2747C58900A9A5BC /* LaunchScreen.storyboard in Resources */ = {isa = PBXBuildFile; fileRef = 2F81E19D2747C58900A9A5BC /* LaunchScreen.storyboard */; };
		2F81E1B02749ADF100A9A5BC /* ResponseNews.swift in Sources */ = {isa = PBXBuildFile; fileRef = 2F81E1AF2749ADF100A9A5BC /* ResponseNews.swift */; };
		2FEBCF6F274DBDA100D1B4DF /* LoginViewController.swift in Sources */ = {isa = PBXBuildFile; fileRef = 2FEBCF6E274DBDA100D1B4DF /* LoginViewController.swift */; };
		2FEE0075276FCAC0002EFCE8 /* NetworkManager.swift in Sources */ = {isa = PBXBuildFile; fileRef = 2FEE0074276FCAC0002EFCE8 /* NetworkManager.swift */; };
		2FEE0077276FD26B002EFCE8 /* NewsData.swift in Sources */ = {isa = PBXBuildFile; fileRef = 2FEE0076276FD26A002EFCE8 /* NewsData.swift */; };
/* End PBXBuildFile section */

/* Begin PBXFileReference section */
		2F719A24274A8FC700EBA7B7 /* NewYorkTableViewCell.swift */ = {isa = PBXFileReference; lastKnownFileType = sourcecode.swift; path = NewYorkTableViewCell.swift; sourceTree = "<group>"; };
		2F81E18F2747C58500A9A5BC /* AppNoticias.app */ = {isa = PBXFileReference; explicitFileType = wrapper.application; includeInIndex = 0; path = AppNoticias.app; sourceTree = BUILT_PRODUCTS_DIR; };
		2F81E1922747C58500A9A5BC /* AppDelegate.swift */ = {isa = PBXFileReference; lastKnownFileType = sourcecode.swift; path = AppDelegate.swift; sourceTree = "<group>"; };
		2F81E1942747C58500A9A5BC /* SceneDelegate.swift */ = {isa = PBXFileReference; lastKnownFileType = sourcecode.swift; path = SceneDelegate.swift; sourceTree = "<group>"; };
		2F81E1962747C58500A9A5BC /* MainTableViewController.swift */ = {isa = PBXFileReference; lastKnownFileType = sourcecode.swift; path = MainTableViewController.swift; sourceTree = "<group>"; };
		2F81E1992747C58500A9A5BC /* Base */ = {isa = PBXFileReference; lastKnownFileType = file.storyboard; name = Base; path = Base.lproj/Main.storyboard; sourceTree = "<group>"; };
		2F81E19B2747C58900A9A5BC /* Assets.xcassets */ = {isa = PBXFileReference; lastKnownFileType = folder.assetcatalog; path = Assets.xcassets; sourceTree = "<group>"; };
		2F81E19E2747C58900A9A5BC /* Base */ = {isa = PBXFileReference; lastKnownFileType = file.storyboard; name = Base; path = Base.lproj/LaunchScreen.storyboard; sourceTree = "<group>"; };
		2F81E1A02747C58900A9A5BC /* Info.plist */ = {isa = PBXFileReference; lastKnownFileType = text.plist.xml; path = Info.plist; sourceTree = "<group>"; };
		2F81E1AF2749ADF100A9A5BC /* ResponseNews.swift */ = {isa = PBXFileReference; lastKnownFileType = sourcecode.swift; path = ResponseNews.swift; sourceTree = "<group>"; };
		2FEBCF6E274DBDA100D1B4DF /* LoginViewController.swift */ = {isa = PBXFileReference; lastKnownFileType = sourcecode.swift; path = LoginViewController.swift; sourceTree = "<group>"; };
		2FEE0074276FCAC0002EFCE8 /* NetworkManager.swift */ = {isa = PBXFileReference; lastKnownFileType = sourcecode.swift; path = NetworkManager.swift; sourceTree = "<group>"; };
		2FEE0076276FD26A002EFCE8 /* NewsData.swift */ = {isa = PBXFileReference; lastKnownFileType = sourcecode.swift; path = NewsData.swift; sourceTree = "<group>"; };
/* End PBXFileReference section */

/* Begin PBXFrameworksBuildPhase section */
		2F81E18C2747C58500A9A5BC /* Frameworks */ = {
			isa = PBXFrameworksBuildPhase;
			buildActionMask = 2147483647;
			files = (
			);
			runOnlyForDeploymentPostprocessing = 0;
		};
/* End PBXFrameworksBuildPhase section */

/* Begin PBXGroup section */
		2F719A28274AF2FE00EBA7B7 /* Model */ = {
			isa = PBXGroup;
			children = (
				2F81E1AF2749ADF100A9A5BC /* ResponseNews.swift */,
				2FEE0074276FCAC0002EFCE8 /* NetworkManager.swift */,
				2FEE0076276FD26A002EFCE8 /* NewsData.swift */,
			);
			path = Model;
			sourceTree = "<group>";
		};
		2F719A29274AF30500EBA7B7 /* View */ = {
			isa = PBXGroup;
			children = (
				2F81E19D2747C58900A9A5BC /* LaunchScreen.storyboard */,
				2F81E1982747C58500A9A5BC /* Main.storyboard */,
				2F719A24274A8FC700EBA7B7 /* NewYorkTableViewCell.swift */,
			);
			path = View;
			sourceTree = "<group>";
		};
		2F719A2A274AF30C00EBA7B7 /* Controller */ = {
			isa = PBXGroup;
			children = (
				2F81E1922747C58500A9A5BC /* AppDelegate.swift */,
				2F81E1942747C58500A9A5BC /* SceneDelegate.swift */,
				2F81E1962747C58500A9A5BC /* MainTableViewController.swift */,
				2FEBCF6E274DBDA100D1B4DF /* LoginViewController.swift */,
			);
			path = Controller;
			sourceTree = "<group>";
		};
		2F81E1862747C58500A9A5BC = {
			isa = PBXGroup;
			children = (
				2F81E1912747C58500A9A5BC /* AppNoticias */,
				2F81E1902747C58500A9A5BC /* Products */,
			);
			sourceTree = "<group>";
		};
		2F81E1902747C58500A9A5BC /* Products */ = {
			isa = PBXGroup;
			children = (
				2F81E18F2747C58500A9A5BC /* AppNoticias.app */,
			);
			name = Products;
			sourceTree = "<group>";
		};
		2F81E1912747C58500A9A5BC /* AppNoticias */ = {
			isa = PBXGroup;
			children = (
				2F719A2A274AF30C00EBA7B7 /* Controller */,
				2F719A29274AF30500EBA7B7 /* View */,
				2F719A28274AF2FE00EBA7B7 /* Model */,
				2F81E19B2747C58900A9A5BC /* Assets.xcassets */,
				2F81E1A02747C58900A9A5BC /* Info.plist */,
			);
			path = AppNoticias;
			sourceTree = "<group>";
		};
/* End PBXGroup section */

/* Begin PBXNativeTarget section */
		2F81E18E2747C58500A9A5BC /* AppNoticias */ = {
			isa = PBXNativeTarget;
			buildConfigurationList = 2F81E1A32747C58900A9A5BC /* Build configuration list for PBXNativeTarget "AppNoticias" */;
			buildPhases = (
				2F81E18B2747C58500A9A5BC /* Sources */,
				2F81E18C2747C58500A9A5BC /* Frameworks */,
				2F81E18D2747C58500A9A5BC /* Resources */,
			);
			buildRules = (
			);
			dependencies = (
			);
			name = AppNoticias;
			productName = AppNoticias;
			productReference = 2F81E18F2747C58500A9A5BC /* AppNoticias.app */;
			productType = "com.apple.product-type.application";
		};
/* End PBXNativeTarget section */

/* Begin PBXProject section */
		2F81E1872747C58500A9A5BC /* Project object */ = {
			isa = PBXProject;
			attributes = {
				LastSwiftUpdateCheck = 1250;
				LastUpgradeCheck = 1250;
				TargetAttributes = {
					2F81E18E2747C58500A9A5BC = {
						CreatedOnToolsVersion = 12.5;
					};
				};
			};
			buildConfigurationList = 2F81E18A2747C58500A9A5BC /* Build configuration list for PBXProject "AppNoticias" */;
			compatibilityVersion = "Xcode 9.3";
			developmentRegion = en;
			hasScannedForEncodings = 0;
			knownRegions = (
				en,
				Base,
			);
			mainGroup = 2F81E1862747C58500A9A5BC;
			productRefGroup = 2F81E1902747C58500A9A5BC /* Products */;
			projectDirPath = "";
			projectRoot = "";
			targets = (
				2F81E18E2747C58500A9A5BC /* AppNoticias */,
			);
		};
/* End PBXProject section */

/* Begin PBXResourcesBuildPhase section */
		2F81E18D2747C58500A9A5BC /* Resources */ = {
			isa = PBXResourcesBuildPhase;
			buildActionMask = 2147483647;
			files = (
				2F81E19F2747C58900A9A5BC /* LaunchScreen.storyboard in Resources */,
				2F81E19C2747C58900A9A5BC /* Assets.xcassets in Resources */,
				2F81E19A2747C58500A9A5BC /* Main.storyboard in Resources */,
			);
			runOnlyForDeploymentPostprocessing = 0;
		};
/* End PBXResourcesBuildPhase section */

/* Begin PBXSourcesBuildPhase section */
		2F81E18B2747C58500A9A5BC /* Sources */ = {
			isa = PBXSourcesBuildPhase;
			buildActionMask = 2147483647;
			files = (
				2FEE0077276FD26B002EFCE8 /* NewsData.swift in Sources */,
				2FEBCF6F274DBDA100D1B4DF /* LoginViewController.swift in Sources */,
				2F81E1B02749ADF100A9A5BC /* ResponseNews.swift in Sources */,
				2F81E1972747C58500A9A5BC /* MainTableViewController.swift in Sources */,
				2FEE0075276FCAC0002EFCE8 /* NetworkManager.swift in Sources */,
				2F81E1932747C58500A9A5BC /* AppDelegate.swift in Sources */,
				2F719A25274A8FC700EBA7B7 /* NewYorkTableViewCell.swift in Sources */,
				2F81E1952747C58500A9A5BC /* SceneDelegate.swift in Sources */,
			);
			runOnlyForDeploymentPostprocessing = 0;
		};
/* End PBXSourcesBuildPhase section */

/* Begin PBXVariantGroup section */
		2F81E1982747C58500A9A5BC /* Main.storyboard */ = {
			isa = PBXVariantGroup;
			children = (
				2F81E1992747C58500A9A5BC /* Base */,
			);
			name = Main.storyboard;
			sourceTree = "<group>";
		};
		2F81E19D2747C58900A9A5BC /* LaunchScreen.storyboard */ = {
			isa = PBXVariantGroup;
			children = (
				2F81E19E2747C58900A9A5BC /* Base */,
			);
			name = LaunchScreen.storyboard;
			sourceTree = "<group>";
		};
/* End PBXVariantGroup section */

/* Begin XCBuildConfiguration section */
		2F81E1A12747C58900A9A5BC /* Debug */ = {
			isa = XCBuildConfiguration;
			buildSettings = {
				ALWAYS_SEARCH_USER_PATHS = NO;
				CLANG_ANALYZER_NONNULL = YES;
				CLANG_ANALYZER_NUMBER_OBJECT_CONVERSION = YES_AGGRESSIVE;
				CLANG_CXX_LANGUAGE_STANDARD = "gnu++14";
				CLANG_CXX_LIBRARY = "libc++";
				CLANG_ENABLE_MODULES = YES;
				CLANG_ENABLE_OBJC_ARC = YES;
				CLANG_ENABLE_OBJC_WEAK = YES;
				CLANG_WARN_BLOCK_CAPTURE_AUTORELEASING = YES;
				CLANG_WARN_BOOL_CONVERSION = YES;
				CLANG_WARN_COMMA = YES;
				CLANG_WARN_CONSTANT_CONVERSION = YES;
				CLANG_WARN_DEPRECATED_OBJC_IMPLEMENTATIONS = YES;
				CLANG_WARN_DIRECT_OBJC_ISA_USAGE = YES_ERROR;
				CLANG_WARN_DOCUMENTATION_COMMENTS = YES;
				CLANG_WARN_EMPTY_BODY = YES;
				CLANG_WARN_ENUM_CONVERSION = YES;
				CLANG_WARN_INFINITE_RECURSION = YES;
				CLANG_WARN_INT_CONVERSION = YES;
				CLANG_WARN_NON_LITERAL_NULL_CONVERSION = YES;
				CLANG_WARN_OBJC_IMPLICIT_RETAIN_SELF = YES;
				CLANG_WARN_OBJC_LITERAL_CONVERSION = YES;
				CLANG_WARN_OBJC_ROOT_CLASS = YES_ERROR;
				CLANG_WARN_QUOTED_INCLUDE_IN_FRAMEWORK_HEADER = YES;
				CLANG_WARN_RANGE_LOOP_ANALYSIS = YES;
				CLANG_WARN_STRICT_PROTOTYPES = YES;
				CLANG_WARN_SUSPICIOUS_MOVE = YES;
				CLANG_WARN_UNGUARDED_AVAILABILITY = YES_AGGRESSIVE;
				CLANG_WARN_UNREACHABLE_CODE = YES;
				CLANG_WARN__DUPLICATE_METHOD_MATCH = YES;
				COPY_PHASE_STRIP = NO;
				DEBUG_INFORMATION_FORMAT = dwarf;
				ENABLE_STRICT_OBJC_MSGSEND = YES;
				ENABLE_TESTABILITY = YES;
				GCC_C_LANGUAGE_STANDARD = gnu11;
				GCC_DYNAMIC_NO_PIC = NO;
				GCC_NO_COMMON_BLOCKS = YES;
				GCC_OPTIMIZATION_LEVEL = 0;
				GCC_PREPROCESSOR_DEFINITIONS = (
					"DEBUG=1",
					"$(inherited)",
				);
				GCC_WARN_64_TO_32_BIT_CONVERSION = YES;
				GCC_WARN_ABOUT_RETURN_TYPE = YES_ERROR;
				GCC_WARN_UNDECLARED_SELECTOR = YES;
				GCC_WARN_UNINITIALIZED_AUTOS = YES_AGGRESSIVE;
				GCC_WARN_UNUSED_FUNCTION = YES;
				GCC_WARN_UNUSED_VARIABLE = YES;
				IPHONEOS_DEPLOYMENT_TARGET = 14.5;
				MTL_ENABLE_DEBUG_INFO = INCLUDE_SOURCE;
				MTL_FAST_MATH = YES;
				ONLY_ACTIVE_ARCH = YES;
				SDKROOT = iphoneos;
				SWIFT_ACTIVE_COMPILATION_CONDITIONS = DEBUG;
				SWIFT_OPTIMIZATION_LEVEL = "-Onone";
			};
			name = Debug;
		};
		2F81E1A22747C58900A9A5BC /* Release */ = {
			isa = XCBuildConfiguration;
			buildSettings = {
				ALWAYS_SEARCH_USER_PATHS = NO;
				CLANG_ANALYZER_NONNULL = YES;
				CLANG_ANALYZER_NUMBER_OBJECT_CONVERSION = YES_AGGRESSIVE;
				CLANG_CXX_LANGUAGE_STANDARD = "gnu++14";
				CLANG_CXX_LIBRARY = "libc++";
				CLANG_ENABLE_MODULES = YES;
				CLANG_ENABLE_OBJC_ARC = YES;
				CLANG_ENABLE_OBJC_WEAK = YES;
				CLANG_WARN_BLOCK_CAPTURE_AUTORELEASING = YES;
				CLANG_WARN_BOOL_CONVERSION = YES;
				CLANG_WARN_COMMA = YES;
				CLANG_WARN_CONSTANT_CONVERSION = YES;
				CLANG_WARN_DEPRECATED_OBJC_IMPLEMENTATIONS = YES;
				CLANG_WARN_DIRECT_OBJC_ISA_USAGE = YES_ERROR;
				CLANG_WARN_DOCUMENTATION_COMMENTS = YES;
				CLANG_WARN_EMPTY_BODY = YES;
				CLANG_WARN_ENUM_CONVERSION = YES;
				CLANG_WARN_INFINITE_RECURSION = YES;
				CLANG_WARN_INT_CONVERSION = YES;
				CLANG_WARN_NON_LITERAL_NULL_CONVERSION = YES;
				CLANG_WARN_OBJC_IMPLICIT_RETAIN_SELF = YES;
				CLANG_WARN_OBJC_LITERAL_CONVERSION = YES;
				CLANG_WARN_OBJC_ROOT_CLASS = YES_ERROR;
				CLANG_WARN_QUOTED_INCLUDE_IN_FRAMEWORK_HEADER = YES;
				CLANG_WARN_RANGE_LOOP_ANALYSIS = YES;
				CLANG_WARN_STRICT_PROTOTYPES = YES;
				CLANG_WARN_SUSPICIOUS_MOVE = YES;
				CLANG_WARN_UNGUARDED_AVAILABILITY = YES_AGGRESSIVE;
				CLANG_WARN_UNREACHABLE_CODE = YES;
				CLANG_WARN__DUPLICATE_METHOD_MATCH = YES;
				COPY_PHASE_STRIP = NO;
				DEBUG_INFORMATION_FORMAT = "dwarf-with-dsym";
				ENABLE_NS_ASSERTIONS = NO;
				ENABLE_STRICT_OBJC_MSGSEND = YES;
				GCC_C_LANGUAGE_STANDARD = gnu11;
				GCC_NO_COMMON_BLOCKS = YES;
				GCC_WARN_64_TO_32_BIT_CONVERSION = YES;
				GCC_WARN_ABOUT_RETURN_TYPE = YES_ERROR;
				GCC_WARN_UNDECLARED_SELECTOR = YES;
				GCC_WARN_UNINITIALIZED_AUTOS = YES_AGGRESSIVE;
				GCC_WARN_UNUSED_FUNCTION = YES;
				GCC_WARN_UNUSED_VARIABLE = YES;
				IPHONEOS_DEPLOYMENT_TARGET = 14.5;
				MTL_ENABLE_DEBUG_INFO = NO;
				MTL_FAST_MATH = YES;
				SDKROOT = iphoneos;
				SWIFT_COMPILATION_MODE = wholemodule;
				SWIFT_OPTIMIZATION_LEVEL = "-O";
				VALIDATE_PRODUCT = YES;
			};
			name = Release;
		};
		2F81E1A42747C58900A9A5BC /* Debug */ = {
			isa = XCBuildConfiguration;
			buildSettings = {
				ASSETCATALOG_COMPILER_APPICON_NAME = AppIcon;
				ASSETCATALOG_COMPILER_GLOBAL_ACCENT_COLOR_NAME = AccentColor;
				CODE_SIGN_STYLE = Automatic;
				DEVELOPMENT_TEAM = M93MZ3GFWB;
				INFOPLIST_FILE = AppNoticias/Info.plist;
				LD_RUNPATH_SEARCH_PATHS = (
					"$(inherited)",
					"@executable_path/Frameworks",
				);
				PRODUCT_BUNDLE_IDENTIFIER = me.carloshperc.AppNoticias;
				PRODUCT_NAME = "$(TARGET_NAME)";
				SWIFT_VERSION = 5.0;
				TARGETED_DEVICE_FAMILY = "1,2";
			};
			name = Debug;
		};
		2F81E1A52747C58900A9A5BC /* Release */ = {
			isa = XCBuildConfiguration;
			buildSettings = {
				ASSETCATALOG_COMPILER_APPICON_NAME = AppIcon;
				ASSETCATALOG_COMPILER_GLOBAL_ACCENT_COLOR_NAME = AccentColor;
				CODE_SIGN_STYLE = Automatic;
				DEVELOPMENT_TEAM = M93MZ3GFWB;
				INFOPLIST_FILE = AppNoticias/Info.plist;
				LD_RUNPATH_SEARCH_PATHS = (
					"$(inherited)",
					"@executable_path/Frameworks",
				);
				PRODUCT_BUNDLE_IDENTIFIER = me.carloshperc.AppNoticias;
				PRODUCT_NAME = "$(TARGET_NAME)";
				SWIFT_VERSION = 5.0;
				TARGETED_DEVICE_FAMILY = "1,2";
			};
			name = Release;
		};
/* End XCBuildConfiguration section */

/* Begin XCConfigurationList section */
		2F81E18A2747C58500A9A5BC /* Build configuration list for PBXProject "AppNoticias" */ = {
			isa = XCConfigurationList;
			buildConfigurations = (
				2F81E1A12747C58900A9A5BC /* Debug */,
				2F81E1A22747C58900A9A5BC /* Release */,
			);
			defaultConfigurationIsVisible = 0;
			defaultConfigurationName = Release;
		};
		2F81E1A32747C58900A9A5BC /* Build configuration list for PBXNativeTarget "AppNoticias" */ = {
			isa = XCConfigurationList;
			buildConfigurations = (
				2F81E1A42747C58900A9A5BC /* Debug */,
				2F81E1A52747C58900A9A5BC /* Release */,
			);
			defaultConfigurationIsVisible = 0;
			defaultConfigurationName = Release;
		};
/* End XCConfigurationList section */
	};
	rootObject = 2F81E1872747C58500A9A5BC /* Project object */;
}
